
Microsoft Visual Studio Solution File, Format Version 12.00
# Visual Studio Version 17
VisualStudioVersion = 17.11.35312.102
MinimumVisualStudioVersion = 10.0.40219.1
Project("{FAE04EC0-301F-11D3-BF4B-00C04F79EFBC}") = "AlbumDetalleMaestro.WinForm", "AlbumDetalleMaestro.WinForm\AlbumDetalleMaestro.WinForm.csproj", "{EEF9B091-680D-4842-A2FA-782C04D9F958}"
EndProject
Project("{FAE04EC0-301F-11D3-BF4B-00C04F79EFBC}") = "AlbumDetalleMaestro.Modelo", "AlbumDetalleMaestro.Modelo\AlbumDetalleMaestro.Modelo.csproj", "{859DEC26-8403-49B0-A0F8-D96F8BF63523}"
EndProject
Project("{FAE04EC0-301F-11D3-BF4B-00C04F79EFBC}") = "AlbumDetalleMaestro.Datos", "AlbumDetalleMaestro.Datos\AlbumDetalleMaestro.Datos.csproj", "{2B3723DE-99D0-4A8A-A0AB-2BD6BCAA058B}"
EndProject
Project("{FAE04EC0-301F-11D3-BF4B-00C04F79EFBC}") = "AlbumDetalleMaestro.Servicio", "AlbumDetalleMaestro.Servicio\AlbumDetalleMaestro.Servicio.csproj", "{2A4CC0F1-331B-4804-A41B-5DA2A1059DC0}"
EndProject
Global
	GlobalSection(SolutionConfigurationPlatforms) = preSolution
		Debug|Any CPU = Debug|Any CPU
		Release|Any CPU = Release|Any CPU
	EndGlobalSection
	GlobalSection(ProjectConfigurationPlatforms) = postSolution
		{EEF9B091-680D-4842-A2FA-782C04D9F958}.Debug|Any CPU.ActiveCfg = Debug|Any CPU
		{EEF9B091-680D-4842-A2FA-782C04D9F958}.Debug|Any CPU.Build.0 = Debug|Any CPU
		{EEF9B091-680D-4842-A2FA-782C04D9F958}.Release|Any CPU.ActiveCfg = Release|Any CPU
		{EEF9B091-680D-4842-A2FA-782C04D9F958}.Release|Any CPU.Build.0 = Release|Any CPU
		{859DEC26-8403-49B0-A0F8-D96F8BF63523}.Debug|Any CPU.ActiveCfg = Debug|Any CPU
		{859DEC26-8403-49B0-A0F8-D96F8BF63523}.Debug|Any CPU.Build.0 = Debug|Any CPU
		{859DEC26-8403-49B0-A0F8-D96F8BF63523}.Release|Any CPU.ActiveCfg = Release|Any CPU
		{859DEC26-8403-49B0-A0F8-D96F8BF63523}.Release|Any CPU.Build.0 = Release|Any CPU
		{2B3723DE-99D0-4A8A-A0AB-2BD6BCAA058B}.Debug|Any CPU.ActiveCfg = Debug|Any CPU
		{2B3723DE-99D0-4A8A-A0AB-2BD6BCAA058B}.Debug|Any CPU.Build.0 = Debug|Any CPU
		{2B3723DE-99D0-4A8A-A0AB-2BD6BCAA058B}.Release|Any CPU.ActiveCfg = Release|Any CPU
		{2B3723DE-99D0-4A8A-A0AB-2BD6BCAA058B}.Release|Any CPU.Build.0 = Release|Any CPU
		{2A4CC0F1-331B-4804-A41B-5DA2A1059DC0}.Debug|Any CPU.ActiveCfg = Debug|Any CPU
		{2A4CC0F1-331B-4804-A41B-5DA2A1059DC0}.Debug|Any CPU.Build.0 = Debug|Any CPU
		{2A4CC0F1-331B-4804-A41B-5DA2A1059DC0}.Release|Any CPU.ActiveCfg = Release|Any CPU
		{2A4CC0F1-331B-4804-A41B-5DA2A1059DC0}.Release|Any CPU.Build.0 = Release|Any CPU
	EndGlobalSection
	GlobalSection(SolutionProperties) = preSolution
		HideSolutionNode = FALSE
	EndGlobalSection
	GlobalSection(ExtensibilityGlobals) = postSolution
		SolutionGuid = {A6EF403F-8082-49BC-A659-EF79B599EDC3}
	EndGlobalSection
EndGlobal
